
Microsoft Visual Studio Solution File, Format Version 12.00
# Visual Studio 15
VisualStudioVersion = 15.0.28307.572
MinimumVisualStudioVersion = 10.0.40219.1
Project("{2150E333-8FDC-42A3-9474-1A3956D46DE8}") = "1 - Domain", "1 - Domain", "{72B97135-5745-443D-8089-E09C625DF797}"
EndProject
Project("{2150E333-8FDC-42A3-9474-1A3956D46DE8}") = "2 - Application", "2 - Application", "{40D900CC-375A-4DD1-80BF-87328A100A2F}"
EndProject
Project("{2150E333-8FDC-42A3-9474-1A3956D46DE8}") = "3 - Infrastructure", "3 - Infrastructure", "{9C543280-0CE0-4ACC-BAFA-BD8DA08CA6AE}"
EndProject
Project("{2150E333-8FDC-42A3-9474-1A3956D46DE8}") = "4 - Test", "4 - Test", "{C9D7B71D-81E7-4875-90AE-281E5424B6B3}"
EndProject
Project("{2150E333-8FDC-42A3-9474-1A3956D46DE8}") = "5 - Api", "5 - Api", "{D8C7BE30-C9D8-4DA8-BF6C-E9576E463226}"
EndProject
Project("{2150E333-8FDC-42A3-9474-1A3956D46DE8}") = "6 - Web", "6 - Web", "{F2163FAB-D93E-41A7-9488-6B51FFE5E26D}"
EndProject
Project("{9A19103F-16F7-4668-BE54-9A1E7A4F7556}") = "CQRSProjectModel.Domain", "CQRSProjectModel.Domain\CQRSProjectModel.Domain.csproj", "{3E07F432-D488-4A25-A8D5-733E9C31B601}"
EndProject
Project("{9A19103F-16F7-4668-BE54-9A1E7A4F7556}") = "CQRSProjectModel.API", "CQRSProjectModel.API\CQRSProjectModel.API.csproj", "{06E8B561-CB04-4CE0-8D0F-2063A1A08D1A}"
EndProject
Project("{9A19103F-16F7-4668-BE54-9A1E7A4F7556}") = "CQRSProjectModel.WebApplication", "CQRSProjectModel.WebApplication\CQRSProjectModel.WebApplication.csproj", "{B44B19E9-78C2-4619-BF8B-62CBE50C82A7}"
EndProject
Project("{9A19103F-16F7-4668-BE54-9A1E7A4F7556}") = "CQRSProjectModel.Test", "CQRSProjectModel.Test\CQRSProjectModel.Test.csproj", "{B08252A1-CE0A-4232-8CB5-7689C10A1EE0}"
EndProject
Project("{2150E333-8FDC-42A3-9474-1A3956D46DE8}") = "Data", "Data", "{B11B3ADD-E53C-4649-96CE-440906D216A2}"
EndProject
Project("{2150E333-8FDC-42A3-9474-1A3956D46DE8}") = "CrossCutting", "CrossCutting", "{844EC6CF-0E81-4E0F-907B-DFD65127ADB4}"
EndProject
Project("{9A19103F-16F7-4668-BE54-9A1E7A4F7556}") = "CQRSProjectModel.Infrastructure.Data.SQLServer", "CQRSProjectModel.Infrastructure.Data.SQLServer\CQRSProjectModel.Infrastructure.Data.SQLServer.csproj", "{610B2DF5-9406-4692-9A5F-89954A2ED0F8}"
EndProject
Project("{9A19103F-16F7-4668-BE54-9A1E7A4F7556}") = "CQRSProjectModel.Infrastructure.Data.MongoDB", "CQRSProjectModel.Infrastructure.Data.MongoDB\CQRSProjectModel.Infrastructure.Data.MongoDB.csproj", "{23219794-EC79-44E9-B7FA-A739DFE7FA30}"
EndProject
Project("{9A19103F-16F7-4668-BE54-9A1E7A4F7556}") = "CQRSProjectModel.Application", "CQRSProjectModel.Application\CQRSProjectModel.Application.csproj", "{B0DDA6CA-9020-4F32-B8ED-FDDA7E6621AB}"
EndProject
Project("{9A19103F-16F7-4668-BE54-9A1E7A4F7556}") = "CQRSProjectModel.Infrastructure.CrossCutting.IoC", "CQRSProjectModel.Infrastructure.CrossCutting.IoC\CQRSProjectModel.Infrastructure.CrossCutting.IoC.csproj", "{9965206C-75AA-4068-8011-46A39EA08A51}"
EndProject
Project("{FAE04EC0-301F-11D3-BF4B-00C04F79EFBC}") = "CQRSProjectModel.Domain.Core", "CQRSProjectModel.Domain.Core\CQRSProjectModel.Domain.Core.csproj", "{1FFA0D23-3F47-4DBC-8D45-A60B4721F8EF}"
EndProject
Global
	GlobalSection(SolutionConfigurationPlatforms) = preSolution
		Debug|Any CPU = Debug|Any CPU
		Release|Any CPU = Release|Any CPU
	EndGlobalSection
	GlobalSection(ProjectConfigurationPlatforms) = postSolution
		{3E07F432-D488-4A25-A8D5-733E9C31B601}.Debug|Any CPU.ActiveCfg = Debug|Any CPU
		{3E07F432-D488-4A25-A8D5-733E9C31B601}.Debug|Any CPU.Build.0 = Debug|Any CPU
		{3E07F432-D488-4A25-A8D5-733E9C31B601}.Release|Any CPU.ActiveCfg = Release|Any CPU
		{3E07F432-D488-4A25-A8D5-733E9C31B601}.Release|Any CPU.Build.0 = Release|Any CPU
		{06E8B561-CB04-4CE0-8D0F-2063A1A08D1A}.Debug|Any CPU.ActiveCfg = Debug|Any CPU
		{06E8B561-CB04-4CE0-8D0F-2063A1A08D1A}.Debug|Any CPU.Build.0 = Debug|Any CPU
		{06E8B561-CB04-4CE0-8D0F-2063A1A08D1A}.Release|Any CPU.ActiveCfg = Release|Any CPU
		{06E8B561-CB04-4CE0-8D0F-2063A1A08D1A}.Release|Any CPU.Build.0 = Release|Any CPU
		{B44B19E9-78C2-4619-BF8B-62CBE50C82A7}.Debug|Any CPU.ActiveCfg = Debug|Any CPU
		{B44B19E9-78C2-4619-BF8B-62CBE50C82A7}.Debug|Any CPU.Build.0 = Debug|Any CPU
		{B44B19E9-78C2-4619-BF8B-62CBE50C82A7}.Release|Any CPU.ActiveCfg = Release|Any CPU
		{B44B19E9-78C2-4619-BF8B-62CBE50C82A7}.Release|Any CPU.Build.0 = Release|Any CPU
		{B08252A1-CE0A-4232-8CB5-7689C10A1EE0}.Debug|Any CPU.ActiveCfg = Debug|Any CPU
		{B08252A1-CE0A-4232-8CB5-7689C10A1EE0}.Debug|Any CPU.Build.0 = Debug|Any CPU
		{B08252A1-CE0A-4232-8CB5-7689C10A1EE0}.Release|Any CPU.ActiveCfg = Release|Any CPU
		{B08252A1-CE0A-4232-8CB5-7689C10A1EE0}.Release|Any CPU.Build.0 = Release|Any CPU
		{610B2DF5-9406-4692-9A5F-89954A2ED0F8}.Debug|Any CPU.ActiveCfg = Debug|Any CPU
		{610B2DF5-9406-4692-9A5F-89954A2ED0F8}.Debug|Any CPU.Build.0 = Debug|Any CPU
		{610B2DF5-9406-4692-9A5F-89954A2ED0F8}.Release|Any CPU.ActiveCfg = Release|Any CPU
		{610B2DF5-9406-4692-9A5F-89954A2ED0F8}.Release|Any CPU.Build.0 = Release|Any CPU
		{23219794-EC79-44E9-B7FA-A739DFE7FA30}.Debug|Any CPU.ActiveCfg = Debug|Any CPU
		{23219794-EC79-44E9-B7FA-A739DFE7FA30}.Debug|Any CPU.Build.0 = Debug|Any CPU
		{23219794-EC79-44E9-B7FA-A739DFE7FA30}.Release|Any CPU.ActiveCfg = Release|Any CPU
		{23219794-EC79-44E9-B7FA-A739DFE7FA30}.Release|Any CPU.Build.0 = Release|Any CPU
		{B0DDA6CA-9020-4F32-B8ED-FDDA7E6621AB}.Debug|Any CPU.ActiveCfg = Debug|Any CPU
		{B0DDA6CA-9020-4F32-B8ED-FDDA7E6621AB}.Debug|Any CPU.Build.0 = Debug|Any CPU
		{B0DDA6CA-9020-4F32-B8ED-FDDA7E6621AB}.Release|Any CPU.ActiveCfg = Release|Any CPU
		{B0DDA6CA-9020-4F32-B8ED-FDDA7E6621AB}.Release|Any CPU.Build.0 = Release|Any CPU
		{9965206C-75AA-4068-8011-46A39EA08A51}.Debug|Any CPU.ActiveCfg = Debug|Any CPU
		{9965206C-75AA-4068-8011-46A39EA08A51}.Debug|Any CPU.Build.0 = Debug|Any CPU
		{9965206C-75AA-4068-8011-46A39EA08A51}.Release|Any CPU.ActiveCfg = Release|Any CPU
		{9965206C-75AA-4068-8011-46A39EA08A51}.Release|Any CPU.Build.0 = Release|Any CPU
		{1FFA0D23-3F47-4DBC-8D45-A60B4721F8EF}.Debug|Any CPU.ActiveCfg = Debug|Any CPU
		{1FFA0D23-3F47-4DBC-8D45-A60B4721F8EF}.Debug|Any CPU.Build.0 = Debug|Any CPU
		{1FFA0D23-3F47-4DBC-8D45-A60B4721F8EF}.Release|Any CPU.ActiveCfg = Release|Any CPU
		{1FFA0D23-3F47-4DBC-8D45-A60B4721F8EF}.Release|Any CPU.Build.0 = Release|Any CPU
	EndGlobalSection
	GlobalSection(SolutionProperties) = preSolution
		HideSolutionNode = FALSE
	EndGlobalSection
	GlobalSection(NestedProjects) = preSolution
		{3E07F432-D488-4A25-A8D5-733E9C31B601} = {72B97135-5745-443D-8089-E09C625DF797}
		{06E8B561-CB04-4CE0-8D0F-2063A1A08D1A} = {D8C7BE30-C9D8-4DA8-BF6C-E9576E463226}
		{B44B19E9-78C2-4619-BF8B-62CBE50C82A7} = {F2163FAB-D93E-41A7-9488-6B51FFE5E26D}
		{B08252A1-CE0A-4232-8CB5-7689C10A1EE0} = {C9D7B71D-81E7-4875-90AE-281E5424B6B3}
		{B11B3ADD-E53C-4649-96CE-440906D216A2} = {9C543280-0CE0-4ACC-BAFA-BD8DA08CA6AE}
		{844EC6CF-0E81-4E0F-907B-DFD65127ADB4} = {9C543280-0CE0-4ACC-BAFA-BD8DA08CA6AE}
		{610B2DF5-9406-4692-9A5F-89954A2ED0F8} = {B11B3ADD-E53C-4649-96CE-440906D216A2}
		{23219794-EC79-44E9-B7FA-A739DFE7FA30} = {B11B3ADD-E53C-4649-96CE-440906D216A2}
		{B0DDA6CA-9020-4F32-B8ED-FDDA7E6621AB} = {40D900CC-375A-4DD1-80BF-87328A100A2F}
		{9965206C-75AA-4068-8011-46A39EA08A51} = {844EC6CF-0E81-4E0F-907B-DFD65127ADB4}
		{1FFA0D23-3F47-4DBC-8D45-A60B4721F8EF} = {72B97135-5745-443D-8089-E09C625DF797}
	EndGlobalSection
	GlobalSection(ExtensibilityGlobals) = postSolution
		SolutionGuid = {AF3B1377-5592-4D86-AF1E-DC7575CFAE4F}
	EndGlobalSection
EndGlobal
